// !$*UTF8*$!
{
	archiveVersion = 1;
	classes = {
	};
	objectVersion = 46;
	objects = {

/* Begin PBXBuildFile section */
		613AA76E1F31A34700446856 /* main.c in Sources */ = {isa = PBXBuildFile; fileRef = 613AA76D1F31A34700446856 /* main.c */; };
		61C9ED5A1F31A6CF00E2CE8F /* longest-palindromic-substring.c in Sources */ = {isa = PBXBuildFile; fileRef = 61C9ED511F31A6CF00E2CE8F /* longest-palindromic-substring.c */; };
		61C9ED5B1F31A6CF00E2CE8F /* palindromic-substrings.c in Sources */ = {isa = PBXBuildFile; fileRef = 61C9ED551F31A6CF00E2CE8F /* palindromic-substrings.c */; };
		61C9ED5C1F31A6CF00E2CE8F /* README.md in Sources */ = {isa = PBXBuildFile; fileRef = 61C9ED561F31A6CF00E2CE8F /* README.md */; };
/* End PBXBuildFile section */

/* Begin PBXCopyFilesBuildPhase section */
		613AA7681F31A34700446856 /* CopyFiles */ = {
			isa = PBXCopyFilesBuildPhase;
			buildActionMask = 2147483647;
			dstPath = /usr/share/man/man1/;
			dstSubfolderSpec = 0;
			files = (
			);
			runOnlyForDeploymentPostprocessing = 1;
		};
/* End PBXCopyFilesBuildPhase section */

/* Begin PBXFileReference section */
		613AA76A1F31A34700446856 /* Programming-LeetCode */ = {isa = PBXFileReference; explicitFileType = "compiled.mach-o.executable"; includeInIndex = 0; path = "Programming-LeetCode"; sourceTree = BUILT_PRODUCTS_DIR; };
		613AA76D1F31A34700446856 /* main.c */ = {isa = PBXFileReference; lastKnownFileType = sourcecode.c.c; path = main.c; sourceTree = "<group>"; };
		61C9ED4C1F31A6CF00E2CE8F /* 3sum */ = {isa = PBXFileReference; fileEncoding = 4; lastKnownFileType = text; path = 3sum; sourceTree = "<group>"; };
		61C9ED4D1F31A6CF00E2CE8F /* 4sum */ = {isa = PBXFileReference; fileEncoding = 4; lastKnownFileType = text; path = 4sum; sourceTree = "<group>"; };
		61C9ED4E1F31A6CF00E2CE8F /* bulb-switcher */ = {isa = PBXFileReference; fileEncoding = 4; lastKnownFileType = text; path = "bulb-switcher"; sourceTree = "<group>"; };
		61C9ED4F1F31A6CF00E2CE8F /* continuous-subarray-sum */ = {isa = PBXFileReference; fileEncoding = 4; lastKnownFileType = text; path = "continuous-subarray-sum"; sourceTree = "<group>"; };
		61C9ED501F31A6CF00E2CE8F /* longest-common-prefix */ = {isa = PBXFileReference; fileEncoding = 4; lastKnownFileType = text; path = "longest-common-prefix"; sourceTree = "<group>"; };
		61C9ED511F31A6CF00E2CE8F /* longest-palindromic-substring.c */ = {isa = PBXFileReference; fileEncoding = 4; lastKnownFileType = sourcecode.c.c; path = "longest-palindromic-substring.c"; sourceTree = "<group>"; };
		61C9ED521F31A6CF00E2CE8F /* longest-substring-without-repeating-characters */ = {isa = PBXFileReference; fileEncoding = 4; lastKnownFileType = text; path = "longest-substring-without-repeating-characters"; sourceTree = "<group>"; };
		61C9ED531F31A6CF00E2CE8F /* maximum-subarray */ = {isa = PBXFileReference; fileEncoding = 4; lastKnownFileType = text; path = "maximum-subarray"; sourceTree = "<group>"; };
		61C9ED541F31A6CF00E2CE8F /* minimum-moves-to-equal-array-elements */ = {isa = PBXFileReference; fileEncoding = 4; lastKnownFileType = text; path = "minimum-moves-to-equal-array-elements"; sourceTree = "<group>"; };
		61C9ED551F31A6CF00E2CE8F /* palindromic-substrings.c */ = {isa = PBXFileReference; fileEncoding = 4; lastKnownFileType = sourcecode.c.c; path = "palindromic-substrings.c"; sourceTree = "<group>"; };
		61C9ED561F31A6CF00E2CE8F /* README.md */ = {isa = PBXFileReference; fileEncoding = 4; lastKnownFileType = net.daringfireball.markdown; path = README.md; sourceTree = "<group>"; };
		61C9ED571F31A6CF00E2CE8F /* remove-duplicates-from-sorted-array */ = {isa = PBXFileReference; fileEncoding = 4; lastKnownFileType = text; path = "remove-duplicates-from-sorted-array"; sourceTree = "<group>"; };
		61C9ED581F31A6CF00E2CE8F /* search-insert-position */ = {isa = PBXFileReference; fileEncoding = 4; lastKnownFileType = text; path = "search-insert-position"; sourceTree = "<group>"; };
		61C9ED591F31A6CF00E2CE8F /* valid-parentheses */ = {isa = PBXFileReference; fileEncoding = 4; lastKnownFileType = text; path = "valid-parentheses"; sourceTree = "<group>"; };
/* End PBXFileReference section */

/* Begin PBXFrameworksBuildPhase section */
		613AA7671F31A34700446856 /* Frameworks */ = {
			isa = PBXFrameworksBuildPhase;
			buildActionMask = 2147483647;
			files = (
			);
			runOnlyForDeploymentPostprocessing = 0;
		};
/* End PBXFrameworksBuildPhase section */

/* Begin PBXGroup section */
		613AA7611F31A34700446856 = {
			isa = PBXGroup;
			children = (
				613AA76C1F31A34700446856 /* Programming-LeetCode */,
				613AA76B1F31A34700446856 /* Products */,
			);
			sourceTree = "<group>";
		};
		613AA76B1F31A34700446856 /* Products */ = {
			isa = PBXGroup;
			children = (
				613AA76A1F31A34700446856 /* Programming-LeetCode */,
			);
			name = Products;
			sourceTree = "<group>";
		};
		613AA76C1F31A34700446856 /* Programming-LeetCode */ = {
			isa = PBXGroup;
			children = (
				61C9ED4C1F31A6CF00E2CE8F /* 3sum */,
				61C9ED4D1F31A6CF00E2CE8F /* 4sum */,
				61C9ED4E1F31A6CF00E2CE8F /* bulb-switcher */,
				61C9ED4F1F31A6CF00E2CE8F /* continuous-subarray-sum */,
				61C9ED501F31A6CF00E2CE8F /* longest-common-prefix */,
				61C9ED511F31A6CF00E2CE8F /* longest-palindromic-substring.c */,
				61C9ED521F31A6CF00E2CE8F /* longest-substring-without-repeating-characters */,
				61C9ED531F31A6CF00E2CE8F /* maximum-subarray */,
				61C9ED541F31A6CF00E2CE8F /* minimum-moves-to-equal-array-elements */,
				61C9ED551F31A6CF00E2CE8F /* palindromic-substrings.c */,
				61C9ED561F31A6CF00E2CE8F /* README.md */,
				61C9ED571F31A6CF00E2CE8F /* remove-duplicates-from-sorted-array */,
				61C9ED581F31A6CF00E2CE8F /* search-insert-position */,
				61C9ED591F31A6CF00E2CE8F /* valid-parentheses */,
				613AA76D1F31A34700446856 /* main.c */,
			);
			path = "Programming-LeetCode";
			sourceTree = "<group>";
		};
/* End PBXGroup section */

/* Begin PBXNativeTarget section */
		613AA7691F31A34700446856 /* Programming-LeetCode */ = {
			isa = PBXNativeTarget;
			buildConfigurationList = 613AA7711F31A34700446856 /* Build configuration list for PBXNativeTarget "Programming-LeetCode" */;
			buildPhases = (
				613AA7661F31A34700446856 /* Sources */,
				613AA7671F31A34700446856 /* Frameworks */,
				613AA7681F31A34700446856 /* CopyFiles */,
			);
			buildRules = (
			);
			dependencies = (
			);
			name = "Programming-LeetCode";
			productName = "Programming-LeetCode";
			productReference = 613AA76A1F31A34700446856 /* Programming-LeetCode */;
			productType = "com.apple.product-type.tool";
		};
/* End PBXNativeTarget section */

/* Begin PBXProject section */
		613AA7621F31A34700446856 /* Project object */ = {
			isa = PBXProject;
			attributes = {
				LastUpgradeCheck = 0830;
				ORGANIZATIONNAME = "Prafullit, Sukhwant";
				TargetAttributes = {
					613AA7691F31A34700446856 = {
						CreatedOnToolsVersion = 8.3.3;
						ProvisioningStyle = Automatic;
					};
				};
			};
			buildConfigurationList = 613AA7651F31A34700446856 /* Build configuration list for PBXProject "Programming-LeetCode" */;
			compatibilityVersion = "Xcode 3.2";
			developmentRegion = English;
			hasScannedForEncodings = 0;
			knownRegions = (
				en,
			);
			mainGroup = 613AA7611F31A34700446856;
			productRefGroup = 613AA76B1F31A34700446856 /* Products */;
			projectDirPath = "";
			projectRoot = "";
			targets = (
				613AA7691F31A34700446856 /* Programming-LeetCode */,
			);
		};
/* End PBXProject section */

/* Begin PBXSourcesBuildPhase section */
		613AA7661F31A34700446856 /* Sources */ = {
			isa = PBXSourcesBuildPhase;
			buildActionMask = 2147483647;
			files = (
				613AA76E1F31A34700446856 /* main.c in Sources */,
				61C9ED5A1F31A6CF00E2CE8F /* longest-palindromic-substring.c in Sources */,
				61C9ED5C1F31A6CF00E2CE8F /* README.md in Sources */,
				61C9ED5B1F31A6CF00E2CE8F /* palindromic-substrings.c in Sources */,
			);
			runOnlyForDeploymentPostprocessing = 0;
		};
/* End PBXSourcesBuildPhase section */

/* Begin XCBuildConfiguration section */
		613AA76F1F31A34700446856 /* Debug */ = {
			isa = XCBuildConfiguration;
			buildSettings = {
				ALWAYS_SEARCH_USER_PATHS = NO;
				CLANG_ANALYZER_NONNULL = YES;
				CLANG_ANALYZER_NUMBER_OBJECT_CONVERSION = YES_AGGRESSIVE;
				CLANG_CXX_LANGUAGE_STANDARD = "gnu++0x";
				CLANG_CXX_LIBRARY = "libc++";
				CLANG_ENABLE_MODULES = YES;
				CLANG_ENABLE_OBJC_ARC = YES;
				CLANG_WARN_BOOL_CONVERSION = YES;
				CLANG_WARN_CONSTANT_CONVERSION = YES;
				CLANG_WARN_DIRECT_OBJC_ISA_USAGE = YES_ERROR;
				CLANG_WARN_DOCUMENTATION_COMMENTS = YES;
				CLANG_WARN_EMPTY_BODY = YES;
				CLANG_WARN_ENUM_CONVERSION = YES;
				CLANG_WARN_INFINITE_RECURSION = YES;
				CLANG_WARN_INT_CONVERSION = YES;
				CLANG_WARN_OBJC_ROOT_CLASS = YES_ERROR;
				CLANG_WARN_SUSPICIOUS_MOVE = YES;
				CLANG_WARN_UNREACHABLE_CODE = YES;
				CLANG_WARN__DUPLICATE_METHOD_MATCH = YES;
				CODE_SIGN_IDENTITY = "-";
				COPY_PHASE_STRIP = NO;
				DEBUG_INFORMATION_FORMAT = dwarf;
				ENABLE_STRICT_OBJC_MSGSEND = YES;
				ENABLE_TESTABILITY = YES;
				GCC_C_LANGUAGE_STANDARD = gnu99;
				GCC_DYNAMIC_NO_PIC = NO;
				GCC_NO_COMMON_BLOCKS = YES;
				GCC_OPTIMIZATION_LEVEL = 0;
				GCC_PREPROCESSOR_DEFINITIONS = (
					"DEBUG=1",
					"$(inherited)",
				);
				GCC_WARN_64_TO_32_BIT_CONVERSION = YES;
				GCC_WARN_ABOUT_RETURN_TYPE = YES_ERROR;
				GCC_WARN_UNDECLARED_SELECTOR = YES;
				GCC_WARN_UNINITIALIZED_AUTOS = YES_AGGRESSIVE;
				GCC_WARN_UNUSED_FUNCTION = YES;
				GCC_WARN_UNUSED_VARIABLE = YES;
				MACOSX_DEPLOYMENT_TARGET = 10.12;
				MTL_ENABLE_DEBUG_INFO = YES;
				ONLY_ACTIVE_ARCH = YES;
				SDKROOT = macosx;
			};
			name = Debug;
		};
		613AA7701F31A34700446856 /* Release */ = {
			isa = XCBuildConfiguration;
			buildSettings = {
				ALWAYS_SEARCH_USER_PATHS = NO;
				CLANG_ANALYZER_NONNULL = YES;
				CLANG_ANALYZER_NUMBER_OBJECT_CONVERSION = YES_AGGRESSIVE;
				CLANG_CXX_LANGUAGE_STANDARD = "gnu++0x";
				CLANG_CXX_LIBRARY = "libc++";
				CLANG_ENABLE_MODULES = YES;
				CLANG_ENABLE_OBJC_ARC = YES;
				CLANG_WARN_BOOL_CONVERSION = YES;
				CLANG_WARN_CONSTANT_CONVERSION = YES;
				CLANG_WARN_DIRECT_OBJC_ISA_USAGE = YES_ERROR;
				CLANG_WARN_DOCUMENTATION_COMMENTS = YES;
				CLANG_WARN_EMPTY_BODY = YES;
				CLANG_WARN_ENUM_CONVERSION = YES;
				CLANG_WARN_INFINITE_RECURSION = YES;
				CLANG_WARN_INT_CONVERSION = YES;
				CLANG_WARN_OBJC_ROOT_CLASS = YES_ERROR;
				CLANG_WARN_SUSPICIOUS_MOVE = YES;
				CLANG_WARN_UNREACHABLE_CODE = YES;
				CLANG_WARN__DUPLICATE_METHOD_MATCH = YES;
				CODE_SIGN_IDENTITY = "-";
				COPY_PHASE_STRIP = NO;
				DEBUG_INFORMATION_FORMAT = "dwarf-with-dsym";
				ENABLE_NS_ASSERTIONS = NO;
				ENABLE_STRICT_OBJC_MSGSEND = YES;
				GCC_C_LANGUAGE_STANDARD = gnu99;
				GCC_NO_COMMON_BLOCKS = YES;
				GCC_WARN_64_TO_32_BIT_CONVERSION = YES;
				GCC_WARN_ABOUT_RETURN_TYPE = YES_ERROR;
				GCC_WARN_UNDECLARED_SELECTOR = YES;
				GCC_WARN_UNINITIALIZED_AUTOS = YES_AGGRESSIVE;
				GCC_WARN_UNUSED_FUNCTION = YES;
				GCC_WARN_UNUSED_VARIABLE = YES;
				MACOSX_DEPLOYMENT_TARGET = 10.12;
				MTL_ENABLE_DEBUG_INFO = NO;
				SDKROOT = macosx;
			};
			name = Release;
		};
		613AA7721F31A34700446856 /* Debug */ = {
			isa = XCBuildConfiguration;
			buildSettings = {
				PRODUCT_NAME = "$(TARGET_NAME)";
			};
			name = Debug;
		};
		613AA7731F31A34700446856 /* Release */ = {
			isa = XCBuildConfiguration;
			buildSettings = {
				PRODUCT_NAME = "$(TARGET_NAME)";
			};
			name = Release;
		};
/* End XCBuildConfiguration section */

/* Begin XCConfigurationList section */
		613AA7651F31A34700446856 /* Build configuration list for PBXProject "Programming-LeetCode" */ = {
			isa = XCConfigurationList;
			buildConfigurations = (
				613AA76F1F31A34700446856 /* Debug */,
				613AA7701F31A34700446856 /* Release */,
			);
			defaultConfigurationIsVisible = 0;
			defaultConfigurationName = Release;
		};
		613AA7711F31A34700446856 /* Build configuration list for PBXNativeTarget "Programming-LeetCode" */ = {
			isa = XCConfigurationList;
			buildConfigurations = (
				613AA7721F31A34700446856 /* Debug */,
				613AA7731F31A34700446856 /* Release */,
			);
			defaultConfigurationIsVisible = 0;
			defaultConfigurationName = Release;
		};
/* End XCConfigurationList section */
	};
	rootObject = 613AA7621F31A34700446856 /* Project object */;
}
